
Microsoft Visual Studio Solution File, Format Version 12.00
# Visual Studio Version 16
VisualStudioVersion = 16.0.30114.105
MinimumVisualStudioVersion = 10.0.40219.1
Project("{2150E333-8FDC-42A3-9474-1A3956D46DE8}") = "src", "src", "{95E0FFC1-7180-4BF2-8635-B6EDAFC767E9}"
EndProject
Project("{FAE04EC0-301F-11D3-BF4B-00C04F79EFBC}") = "SimpleAPI", "src\SimpleAPI\SimpleAPI.csproj", "{E52D01D5-23D1-4ED1-AAB7-40BC701CC119}"
EndProject
Project("{2150E333-8FDC-42A3-9474-1A3956D46DE8}") = "test", "test", "{10AE4CE0-57E7-4ACC-B260-CB02BD41DF5C}"
EndProject
Project("{FAE04EC0-301F-11D3-BF4B-00C04F79EFBC}") = "SimpleAPI.TEST", "test\SimpleAPI.TEST\SimpleAPI.TEST.csproj", "{F3F9B32B-C923-4F08-BBF0-A95D503602D3}"
EndProject
Global
	GlobalSection(SolutionConfigurationPlatforms) = preSolution
		Debug|Any CPU = Debug|Any CPU
		Release|Any CPU = Release|Any CPU
	EndGlobalSection
	GlobalSection(SolutionProperties) = preSolution
		HideSolutionNode = FALSE
	EndGlobalSection
	GlobalSection(ProjectConfigurationPlatforms) = postSolution
		{E52D01D5-23D1-4ED1-AAB7-40BC701CC119}.Debug|Any CPU.ActiveCfg = Debug|Any CPU
		{E52D01D5-23D1-4ED1-AAB7-40BC701CC119}.Debug|Any CPU.Build.0 = Debug|Any CPU
		{E52D01D5-23D1-4ED1-AAB7-40BC701CC119}.Release|Any CPU.ActiveCfg = Release|Any CPU
		{E52D01D5-23D1-4ED1-AAB7-40BC701CC119}.Release|Any CPU.Build.0 = Release|Any CPU
		{F3F9B32B-C923-4F08-BBF0-A95D503602D3}.Debug|Any CPU.ActiveCfg = Debug|Any CPU
		{F3F9B32B-C923-4F08-BBF0-A95D503602D3}.Debug|Any CPU.Build.0 = Debug|Any CPU
		{F3F9B32B-C923-4F08-BBF0-A95D503602D3}.Release|Any CPU.ActiveCfg = Release|Any CPU
		{F3F9B32B-C923-4F08-BBF0-A95D503602D3}.Release|Any CPU.Build.0 = Release|Any CPU
	EndGlobalSection
	GlobalSection(NestedProjects) = preSolution
		{E52D01D5-23D1-4ED1-AAB7-40BC701CC119} = {95E0FFC1-7180-4BF2-8635-B6EDAFC767E9}
		{F3F9B32B-C923-4F08-BBF0-A95D503602D3} = {10AE4CE0-57E7-4ACC-B260-CB02BD41DF5C}
	EndGlobalSection
EndGlobal
